
Microsoft Visual Studio Solution File, Format Version 12.00
# Visual Studio Version 17
VisualStudioVersion = 17.14.36414.22 d17.14
MinimumVisualStudioVersion = 10.0.40219.1
Project("{FAE04EC0-301F-11D3-BF4B-00C04F79EFBC}") = "Logic and Loops", "Logic and Loops\Logic and Loops.csproj", "{6F79A4A9-9444-4210-93A9-5A892E183663}"
EndProject
Global
	GlobalSection(SolutionConfigurationPlatforms) = preSolution
		Debug|Any CPU = Debug|Any CPU
		Release|Any CPU = Release|Any CPU
	EndGlobalSection
	GlobalSection(ProjectConfigurationPlatforms) = postSolution
		{6F79A4A9-9444-4210-93A9-5A892E183663}.Debug|Any CPU.ActiveCfg = Debug|Any CPU
		{6F79A4A9-9444-4210-93A9-5A892E183663}.Debug|Any CPU.Build.0 = Debug|Any CPU
		{6F79A4A9-9444-4210-93A9-5A892E183663}.Release|Any CPU.ActiveCfg = Release|Any CPU
		{6F79A4A9-9444-4210-93A9-5A892E183663}.Release|Any CPU.Build.0 = Release|Any CPU
	EndGlobalSection
	GlobalSection(SolutionProperties) = preSolution
		HideSolutionNode = FALSE
	EndGlobalSection
	GlobalSection(ExtensibilityGlobals) = postSolution
		SolutionGuid = {6367B790-AFE3-42C5-8609-FB4E088256CD}
	EndGlobalSection
EndGlobal
